{
  "name": "neotass-projetos",
  "version": "0.1.0",
  "lockfileVersion": 3,
  "requires": true,
  "packages": {
    "": {
      "name": "neotass-projetos",
      "version": "0.1.0",
      "devDependencies": {
        "@oondemand/create-central-oon": "0.4.15"
      }
    },
    "node_modules/@oondemand/create-central-oon": {
      "version": "0.4.15",
      "resolved": "https://registry.npmjs.org/@oondemand/create-central-oon/-/create-central-oon-0.4.15.tgz",
      "integrity": "sha512-BMgmnsQQhCXG++40BO+7sVAvzsJ7PsW7gdn1/9vFMt6TjzgQm2vIG+OG1+0nfOfsnWBhzsnl7tNRhETmams4jQ==",
      "dev": true,
      "license": "SEE LICENSE IN LICENSE",
      "bin": {
        "create-central-oon": "bin/cli.js",
        "scaffold-central-oon": "bin/cli.js"
      },
      "engines": {
        "node": ">=18"
      }
    }
  }
}
